
Microsoft Visual Studio Solution File, Format Version 12.00
# Visual Studio Version 17
VisualStudioVersion = 17.0.31903.59
MinimumVisualStudioVersion = 10.0.40219.1
Project("{2150E333-8FDC-42A3-9474-1A3956D46DE8}") = "src", "src", "{AA144CC8-2D1F-4518-9ABB-84AF200039C9}"
EndProject
Project("{2150E333-8FDC-42A3-9474-1A3956D46DE8}") = "Parser", "Parser", "{23B6F031-9455-4218-9B2C-7DCB24C7939A}"
EndProject
Project("{FAE04EC0-301F-11D3-BF4B-00C04F79EFBC}") = "Parser", "src\Parser\Source\Parser.csproj", "{4F639060-E4B1-4691-BDB4-E82A89984DED}"
EndProject
Project("{FAE04EC0-301F-11D3-BF4B-00C04F79EFBC}") = "Tests", "src\Parser\Tests\Tests.csproj", "{6001A453-A455-46B5-B8FE-8BF47051A06F}"
EndProject
Project("{FAE04EC0-301F-11D3-BF4B-00C04F79EFBC}") = "RtfModels", "src\RtfModels\RtfModels.csproj", "{6E28AF85-D5B8-424B-96C1-0709B6AED0C6}"
EndProject
Global
	GlobalSection(SolutionConfigurationPlatforms) = preSolution
		Debug|Any CPU = Debug|Any CPU
		Release|Any CPU = Release|Any CPU
	EndGlobalSection
	GlobalSection(SolutionProperties) = preSolution
		HideSolutionNode = FALSE
	EndGlobalSection
	GlobalSection(ProjectConfigurationPlatforms) = postSolution
		{4F639060-E4B1-4691-BDB4-E82A89984DED}.Debug|Any CPU.ActiveCfg = Debug|Any CPU
		{4F639060-E4B1-4691-BDB4-E82A89984DED}.Debug|Any CPU.Build.0 = Debug|Any CPU
		{4F639060-E4B1-4691-BDB4-E82A89984DED}.Release|Any CPU.ActiveCfg = Release|Any CPU
		{4F639060-E4B1-4691-BDB4-E82A89984DED}.Release|Any CPU.Build.0 = Release|Any CPU
		{6001A453-A455-46B5-B8FE-8BF47051A06F}.Debug|Any CPU.ActiveCfg = Debug|Any CPU
		{6001A453-A455-46B5-B8FE-8BF47051A06F}.Debug|Any CPU.Build.0 = Debug|Any CPU
		{6001A453-A455-46B5-B8FE-8BF47051A06F}.Release|Any CPU.ActiveCfg = Release|Any CPU
		{6001A453-A455-46B5-B8FE-8BF47051A06F}.Release|Any CPU.Build.0 = Release|Any CPU
		{6E28AF85-D5B8-424B-96C1-0709B6AED0C6}.Debug|Any CPU.ActiveCfg = Debug|Any CPU
		{6E28AF85-D5B8-424B-96C1-0709B6AED0C6}.Debug|Any CPU.Build.0 = Debug|Any CPU
		{6E28AF85-D5B8-424B-96C1-0709B6AED0C6}.Release|Any CPU.ActiveCfg = Release|Any CPU
		{6E28AF85-D5B8-424B-96C1-0709B6AED0C6}.Release|Any CPU.Build.0 = Release|Any CPU
	EndGlobalSection
	GlobalSection(NestedProjects) = preSolution
		{23B6F031-9455-4218-9B2C-7DCB24C7939A} = {AA144CC8-2D1F-4518-9ABB-84AF200039C9}
		{4F639060-E4B1-4691-BDB4-E82A89984DED} = {23B6F031-9455-4218-9B2C-7DCB24C7939A}
		{6001A453-A455-46B5-B8FE-8BF47051A06F} = {23B6F031-9455-4218-9B2C-7DCB24C7939A}
		{6E28AF85-D5B8-424B-96C1-0709B6AED0C6} = {AA144CC8-2D1F-4518-9ABB-84AF200039C9}
	EndGlobalSection
EndGlobal
